
Microsoft Visual Studio Solution File, Format Version 12.00
# Visual Studio Version 17
VisualStudioVersion = 17.0.31919.166
MinimumVisualStudioVersion = 10.0.40219.1
Project("{FAE04EC0-301F-11D3-BF4B-00C04F79EFBC}") = "NYSSProject.UWP", "NYSSProject\NYSSProject.UWP\NYSSProject.UWP.csproj", "{72758667-3920-4FB4-AA01-10461D0FB17E}"
EndProject
Project("{FAE04EC0-301F-11D3-BF4B-00C04F79EFBC}") = "NYSSProject.Android", "NYSSProject\NYSSProject.Android\NYSSProject.Android.csproj", "{646BD5EE-A112-4F6D-93B3-055E607871E1}"
EndProject
Project("{9A19103F-16F7-4668-BE54-9A1E7A4F7556}") = "NYSSProject", "NYSSProject\NYSSProject\NYSSProject.csproj", "{49D3DA3C-6C3A-455F-927A-13D327343ACC}"
EndProject
Project("{9A19103F-16F7-4668-BE54-9A1E7A4F7556}") = "Tests", "Tests\Tests.csproj", "{027E3546-64E2-449D-8CA8-BCDC7EE9046A}"
EndProject
Global
	GlobalSection(SolutionConfigurationPlatforms) = preSolution
		Debug|Any CPU = Debug|Any CPU
		Debug|ARM = Debug|ARM
		Debug|iPhone = Debug|iPhone
		Debug|iPhoneSimulator = Debug|iPhoneSimulator
		Debug|x64 = Debug|x64
		Debug|x86 = Debug|x86
		Release|Any CPU = Release|Any CPU
		Release|ARM = Release|ARM
		Release|iPhone = Release|iPhone
		Release|iPhoneSimulator = Release|iPhoneSimulator
		Release|x64 = Release|x64
		Release|x86 = Release|x86
	EndGlobalSection
	GlobalSection(ProjectConfigurationPlatforms) = postSolution
		{72758667-3920-4FB4-AA01-10461D0FB17E}.Debug|Any CPU.ActiveCfg = Debug|x64
		{72758667-3920-4FB4-AA01-10461D0FB17E}.Debug|Any CPU.Build.0 = Debug|x64
		{72758667-3920-4FB4-AA01-10461D0FB17E}.Debug|Any CPU.Deploy.0 = Debug|x64
		{72758667-3920-4FB4-AA01-10461D0FB17E}.Debug|ARM.ActiveCfg = Debug|ARM
		{72758667-3920-4FB4-AA01-10461D0FB17E}.Debug|ARM.Build.0 = Debug|ARM
		{72758667-3920-4FB4-AA01-10461D0FB17E}.Debug|ARM.Deploy.0 = Debug|ARM
		{72758667-3920-4FB4-AA01-10461D0FB17E}.Debug|iPhone.ActiveCfg = Debug|x64
		{72758667-3920-4FB4-AA01-10461D0FB17E}.Debug|iPhoneSimulator.ActiveCfg = Debug|x64
		{72758667-3920-4FB4-AA01-10461D0FB17E}.Debug|x64.ActiveCfg = Debug|x64
		{72758667-3920-4FB4-AA01-10461D0FB17E}.Debug|x64.Build.0 = Debug|x64
		{72758667-3920-4FB4-AA01-10461D0FB17E}.Debug|x64.Deploy.0 = Debug|x64
		{72758667-3920-4FB4-AA01-10461D0FB17E}.Debug|x86.ActiveCfg = Debug|x86
		{72758667-3920-4FB4-AA01-10461D0FB17E}.Debug|x86.Build.0 = Debug|x86
		{72758667-3920-4FB4-AA01-10461D0FB17E}.Debug|x86.Deploy.0 = Debug|x86
		{72758667-3920-4FB4-AA01-10461D0FB17E}.Release|Any CPU.ActiveCfg = Release|x64
		{72758667-3920-4FB4-AA01-10461D0FB17E}.Release|ARM.ActiveCfg = Release|ARM
		{72758667-3920-4FB4-AA01-10461D0FB17E}.Release|ARM.Build.0 = Release|ARM
		{72758667-3920-4FB4-AA01-10461D0FB17E}.Release|ARM.Deploy.0 = Release|ARM
		{72758667-3920-4FB4-AA01-10461D0FB17E}.Release|iPhone.ActiveCfg = Release|x64
		{72758667-3920-4FB4-AA01-10461D0FB17E}.Release|iPhoneSimulator.ActiveCfg = Release|x64
		{72758667-3920-4FB4-AA01-10461D0FB17E}.Release|x64.ActiveCfg = Release|x64
		{72758667-3920-4FB4-AA01-10461D0FB17E}.Release|x64.Build.0 = Release|x64
		{72758667-3920-4FB4-AA01-10461D0FB17E}.Release|x64.Deploy.0 = Release|x64
		{72758667-3920-4FB4-AA01-10461D0FB17E}.Release|x86.ActiveCfg = Release|x86
		{72758667-3920-4FB4-AA01-10461D0FB17E}.Release|x86.Build.0 = Release|x86
		{72758667-3920-4FB4-AA01-10461D0FB17E}.Release|x86.Deploy.0 = Release|x86
		{646BD5EE-A112-4F6D-93B3-055E607871E1}.Debug|Any CPU.ActiveCfg = Debug|Any CPU
		{646BD5EE-A112-4F6D-93B3-055E607871E1}.Debug|Any CPU.Build.0 = Debug|Any CPU
		{646BD5EE-A112-4F6D-93B3-055E607871E1}.Debug|Any CPU.Deploy.0 = Debug|Any CPU
		{646BD5EE-A112-4F6D-93B3-055E607871E1}.Debug|ARM.ActiveCfg = Debug|Any CPU
		{646BD5EE-A112-4F6D-93B3-055E607871E1}.Debug|ARM.Build.0 = Debug|Any CPU
		{646BD5EE-A112-4F6D-93B3-055E607871E1}.Debug|ARM.Deploy.0 = Debug|Any CPU
		{646BD5EE-A112-4F6D-93B3-055E607871E1}.Debug|iPhone.ActiveCfg = Debug|Any CPU
		{646BD5EE-A112-4F6D-93B3-055E607871E1}.Debug|iPhone.Build.0 = Debug|Any CPU
		{646BD5EE-A112-4F6D-93B3-055E607871E1}.Debug|iPhone.Deploy.0 = Debug|Any CPU
		{646BD5EE-A112-4F6D-93B3-055E607871E1}.Debug|iPhoneSimulator.ActiveCfg = Debug|Any CPU
		{646BD5EE-A112-4F6D-93B3-055E607871E1}.Debug|iPhoneSimulator.Build.0 = Debug|Any CPU
		{646BD5EE-A112-4F6D-93B3-055E607871E1}.Debug|iPhoneSimulator.Deploy.0 = Debug|Any CPU
		{646BD5EE-A112-4F6D-93B3-055E607871E1}.Debug|x64.ActiveCfg = Debug|Any CPU
		{646BD5EE-A112-4F6D-93B3-055E607871E1}.Debug|x64.Build.0 = Debug|Any CPU
		{646BD5EE-A112-4F6D-93B3-055E607871E1}.Debug|x64.Deploy.0 = Debug|Any CPU
		{646BD5EE-A112-4F6D-93B3-055E607871E1}.Debug|x86.ActiveCfg = Debug|Any CPU
		{646BD5EE-A112-4F6D-93B3-055E607871E1}.Debug|x86.Build.0 = Debug|Any CPU
		{646BD5EE-A112-4F6D-93B3-055E607871E1}.Debug|x86.Deploy.0 = Debug|Any CPU
		{646BD5EE-A112-4F6D-93B3-055E607871E1}.Release|Any CPU.ActiveCfg = Release|Any CPU
		{646BD5EE-A112-4F6D-93B3-055E607871E1}.Release|Any CPU.Build.0 = Release|Any CPU
		{646BD5EE-A112-4F6D-93B3-055E607871E1}.Release|Any CPU.Deploy.0 = Release|Any CPU
		{646BD5EE-A112-4F6D-93B3-055E607871E1}.Release|ARM.ActiveCfg = Release|Any CPU
		{646BD5EE-A112-4F6D-93B3-055E607871E1}.Release|ARM.Build.0 = Release|Any CPU
		{646BD5EE-A112-4F6D-93B3-055E607871E1}.Release|ARM.Deploy.0 = Release|Any CPU
		{646BD5EE-A112-4F6D-93B3-055E607871E1}.Release|iPhone.ActiveCfg = Release|Any CPU
		{646BD5EE-A112-4F6D-93B3-055E607871E1}.Release|iPhone.Build.0 = Release|Any CPU
		{646BD5EE-A112-4F6D-93B3-055E607871E1}.Release|iPhone.Deploy.0 = Release|Any CPU
		{646BD5EE-A112-4F6D-93B3-055E607871E1}.Release|iPhoneSimulator.ActiveCfg = Release|Any CPU
		{646BD5EE-A112-4F6D-93B3-055E607871E1}.Release|iPhoneSimulator.Build.0 = Release|Any CPU
		{646BD5EE-A112-4F6D-93B3-055E607871E1}.Release|iPhoneSimulator.Deploy.0 = Release|Any CPU
		{646BD5EE-A112-4F6D-93B3-055E607871E1}.Release|x64.ActiveCfg = Release|Any CPU
		{646BD5EE-A112-4F6D-93B3-055E607871E1}.Release|x64.Build.0 = Release|Any CPU
		{646BD5EE-A112-4F6D-93B3-055E607871E1}.Release|x64.Deploy.0 = Release|Any CPU
		{646BD5EE-A112-4F6D-93B3-055E607871E1}.Release|x86.ActiveCfg = Release|Any CPU
		{646BD5EE-A112-4F6D-93B3-055E607871E1}.Release|x86.Build.0 = Release|Any CPU
		{646BD5EE-A112-4F6D-93B3-055E607871E1}.Release|x86.Deploy.0 = Release|Any CPU
		{49D3DA3C-6C3A-455F-927A-13D327343ACC}.Debug|Any CPU.ActiveCfg = Debug|Any CPU
		{49D3DA3C-6C3A-455F-927A-13D327343ACC}.Debug|Any CPU.Build.0 = Debug|Any CPU
		{49D3DA3C-6C3A-455F-927A-13D327343ACC}.Debug|Any CPU.Deploy.0 = Debug|Any CPU
		{49D3DA3C-6C3A-455F-927A-13D327343ACC}.Debug|ARM.ActiveCfg = Debug|Any CPU
		{49D3DA3C-6C3A-455F-927A-13D327343ACC}.Debug|ARM.Build.0 = Debug|Any CPU
		{49D3DA3C-6C3A-455F-927A-13D327343ACC}.Debug|ARM.Deploy.0 = Debug|Any CPU
		{49D3DA3C-6C3A-455F-927A-13D327343ACC}.Debug|iPhone.ActiveCfg = Debug|Any CPU
		{49D3DA3C-6C3A-455F-927A-13D327343ACC}.Debug|iPhone.Build.0 = Debug|Any CPU
		{49D3DA3C-6C3A-455F-927A-13D327343ACC}.Debug|iPhone.Deploy.0 = Debug|Any CPU
		{49D3DA3C-6C3A-455F-927A-13D327343ACC}.Debug|iPhoneSimulator.ActiveCfg = Debug|Any CPU
		{49D3DA3C-6C3A-455F-927A-13D327343ACC}.Debug|iPhoneSimulator.Build.0 = Debug|Any CPU
		{49D3DA3C-6C3A-455F-927A-13D327343ACC}.Debug|iPhoneSimulator.Deploy.0 = Debug|Any CPU
		{49D3DA3C-6C3A-455F-927A-13D327343ACC}.Debug|x64.ActiveCfg = Debug|Any CPU
		{49D3DA3C-6C3A-455F-927A-13D327343ACC}.Debug|x64.Build.0 = Debug|Any CPU
		{49D3DA3C-6C3A-455F-927A-13D327343ACC}.Debug|x64.Deploy.0 = Debug|Any CPU
		{49D3DA3C-6C3A-455F-927A-13D327343ACC}.Debug|x86.ActiveCfg = Debug|Any CPU
		{49D3DA3C-6C3A-455F-927A-13D327343ACC}.Debug|x86.Build.0 = Debug|Any CPU
		{49D3DA3C-6C3A-455F-927A-13D327343ACC}.Debug|x86.Deploy.0 = Debug|Any CPU
		{49D3DA3C-6C3A-455F-927A-13D327343ACC}.Release|Any CPU.ActiveCfg = Release|Any CPU
		{49D3DA3C-6C3A-455F-927A-13D327343ACC}.Release|Any CPU.Build.0 = Release|Any CPU
		{49D3DA3C-6C3A-455F-927A-13D327343ACC}.Release|Any CPU.Deploy.0 = Release|Any CPU
		{49D3DA3C-6C3A-455F-927A-13D327343ACC}.Release|ARM.ActiveCfg = Release|Any CPU
		{49D3DA3C-6C3A-455F-927A-13D327343ACC}.Release|ARM.Build.0 = Release|Any CPU
		{49D3DA3C-6C3A-455F-927A-13D327343ACC}.Release|ARM.Deploy.0 = Release|Any CPU
		{49D3DA3C-6C3A-455F-927A-13D327343ACC}.Release|iPhone.ActiveCfg = Release|Any CPU
		{49D3DA3C-6C3A-455F-927A-13D327343ACC}.Release|iPhone.Build.0 = Release|Any CPU
		{49D3DA3C-6C3A-455F-927A-13D327343ACC}.Release|iPhone.Deploy.0 = Release|Any CPU
		{49D3DA3C-6C3A-455F-927A-13D327343ACC}.Release|iPhoneSimulator.ActiveCfg = Release|Any CPU
		{49D3DA3C-6C3A-455F-927A-13D327343ACC}.Release|iPhoneSimulator.Build.0 = Release|Any CPU
		{49D3DA3C-6C3A-455F-927A-13D327343ACC}.Release|iPhoneSimulator.Deploy.0 = Release|Any CPU
		{49D3DA3C-6C3A-455F-927A-13D327343ACC}.Release|x64.ActiveCfg = Release|Any CPU
		{49D3DA3C-6C3A-455F-927A-13D327343ACC}.Release|x64.Build.0 = Release|Any CPU
		{49D3DA3C-6C3A-455F-927A-13D327343ACC}.Release|x64.Deploy.0 = Release|Any CPU
		{49D3DA3C-6C3A-455F-927A-13D327343ACC}.Release|x86.ActiveCfg = Release|Any CPU
		{49D3DA3C-6C3A-455F-927A-13D327343ACC}.Release|x86.Build.0 = Release|Any CPU
		{49D3DA3C-6C3A-455F-927A-13D327343ACC}.Release|x86.Deploy.0 = Release|Any CPU
		{027E3546-64E2-449D-8CA8-BCDC7EE9046A}.Debug|Any CPU.ActiveCfg = Debug|Any CPU
		{027E3546-64E2-449D-8CA8-BCDC7EE9046A}.Debug|Any CPU.Build.0 = Debug|Any CPU
		{027E3546-64E2-449D-8CA8-BCDC7EE9046A}.Debug|ARM.ActiveCfg = Debug|Any CPU
		{027E3546-64E2-449D-8CA8-BCDC7EE9046A}.Debug|ARM.Build.0 = Debug|Any CPU
		{027E3546-64E2-449D-8CA8-BCDC7EE9046A}.Debug|iPhone.ActiveCfg = Debug|Any CPU
		{027E3546-64E2-449D-8CA8-BCDC7EE9046A}.Debug|iPhone.Build.0 = Debug|Any CPU
		{027E3546-64E2-449D-8CA8-BCDC7EE9046A}.Debug|iPhoneSimulator.ActiveCfg = Debug|Any CPU
		{027E3546-64E2-449D-8CA8-BCDC7EE9046A}.Debug|iPhoneSimulator.Build.0 = Debug|Any CPU
		{027E3546-64E2-449D-8CA8-BCDC7EE9046A}.Debug|x64.ActiveCfg = Debug|Any CPU
		{027E3546-64E2-449D-8CA8-BCDC7EE9046A}.Debug|x64.Build.0 = Debug|Any CPU
		{027E3546-64E2-449D-8CA8-BCDC7EE9046A}.Debug|x86.ActiveCfg = Debug|Any CPU
		{027E3546-64E2-449D-8CA8-BCDC7EE9046A}.Debug|x86.Build.0 = Debug|Any CPU
		{027E3546-64E2-449D-8CA8-BCDC7EE9046A}.Release|Any CPU.ActiveCfg = Release|Any CPU
		{027E3546-64E2-449D-8CA8-BCDC7EE9046A}.Release|Any CPU.Build.0 = Release|Any CPU
		{027E3546-64E2-449D-8CA8-BCDC7EE9046A}.Release|ARM.ActiveCfg = Release|Any CPU
		{027E3546-64E2-449D-8CA8-BCDC7EE9046A}.Release|ARM.Build.0 = Release|Any CPU
		{027E3546-64E2-449D-8CA8-BCDC7EE9046A}.Release|iPhone.ActiveCfg = Release|Any CPU
		{027E3546-64E2-449D-8CA8-BCDC7EE9046A}.Release|iPhone.Build.0 = Release|Any CPU
		{027E3546-64E2-449D-8CA8-BCDC7EE9046A}.Release|iPhoneSimulator.ActiveCfg = Release|Any CPU
		{027E3546-64E2-449D-8CA8-BCDC7EE9046A}.Release|iPhoneSimulator.Build.0 = Release|Any CPU
		{027E3546-64E2-449D-8CA8-BCDC7EE9046A}.Release|x64.ActiveCfg = Release|Any CPU
		{027E3546-64E2-449D-8CA8-BCDC7EE9046A}.Release|x64.Build.0 = Release|Any CPU
		{027E3546-64E2-449D-8CA8-BCDC7EE9046A}.Release|x86.ActiveCfg = Release|Any CPU
		{027E3546-64E2-449D-8CA8-BCDC7EE9046A}.Release|x86.Build.0 = Release|Any CPU
	EndGlobalSection
	GlobalSection(SolutionProperties) = preSolution
		HideSolutionNode = FALSE
	EndGlobalSection
	GlobalSection(ExtensibilityGlobals) = postSolution
		SolutionGuid = {EE4D8214-7ABA-49DB-94D8-74947322BE23}
	EndGlobalSection
EndGlobal
